
Microsoft Visual Studio Solution File, Format Version 12.00
# Visual Studio 2013
VisualStudioVersion = 12.0.21005.1
MinimumVisualStudioVersion = 10.0.40219.1
Project("{FAE04EC0-301F-11D3-BF4B-00C04F79EFBC}") = "01-Persons", "01-Persons\01-Persons.csproj", "{7ED83997-057C-4658-B5AC-4CFE0F5A1784}"
EndProject
Project("{FAE04EC0-301F-11D3-BF4B-00C04F79EFBC}") = "02-LaptopShop", "02-LaptopShop\02-LaptopShop.csproj", "{F158BAD6-BC63-4E2A-84B6-C73D7B63FC24}"
EndProject
Project("{FAE04EC0-301F-11D3-BF4B-00C04F79EFBC}") = "03-PCCatalog", "03-PCCatalog\03-PCCatalog.csproj", "{E78A054F-DB14-4851-949A-615541307AA0}"
EndProject
Global
	GlobalSection(SolutionConfigurationPlatforms) = preSolution
		Debug|Any CPU = Debug|Any CPU
		Release|Any CPU = Release|Any CPU
	EndGlobalSection
	GlobalSection(ProjectConfigurationPlatforms) = postSolution
		{7ED83997-057C-4658-B5AC-4CFE0F5A1784}.Debug|Any CPU.ActiveCfg = Debug|Any CPU
		{7ED83997-057C-4658-B5AC-4CFE0F5A1784}.Debug|Any CPU.Build.0 = Debug|Any CPU
		{7ED83997-057C-4658-B5AC-4CFE0F5A1784}.Release|Any CPU.ActiveCfg = Release|Any CPU
		{7ED83997-057C-4658-B5AC-4CFE0F5A1784}.Release|Any CPU.Build.0 = Release|Any CPU
		{F158BAD6-BC63-4E2A-84B6-C73D7B63FC24}.Debug|Any CPU.ActiveCfg = Debug|Any CPU
		{F158BAD6-BC63-4E2A-84B6-C73D7B63FC24}.Debug|Any CPU.Build.0 = Debug|Any CPU
		{F158BAD6-BC63-4E2A-84B6-C73D7B63FC24}.Release|Any CPU.ActiveCfg = Release|Any CPU
		{F158BAD6-BC63-4E2A-84B6-C73D7B63FC24}.Release|Any CPU.Build.0 = Release|Any CPU
		{E78A054F-DB14-4851-949A-615541307AA0}.Debug|Any CPU.ActiveCfg = Debug|Any CPU
		{E78A054F-DB14-4851-949A-615541307AA0}.Debug|Any CPU.Build.0 = Debug|Any CPU
		{E78A054F-DB14-4851-949A-615541307AA0}.Release|Any CPU.ActiveCfg = Release|Any CPU
		{E78A054F-DB14-4851-949A-615541307AA0}.Release|Any CPU.Build.0 = Release|Any CPU
	EndGlobalSection
	GlobalSection(SolutionProperties) = preSolution
		HideSolutionNode = FALSE
	EndGlobalSection
EndGlobal
