
Microsoft Visual Studio Solution File, Format Version 12.00
# Visual Studio 2013
VisualStudioVersion = 12.0.21005.1
MinimumVisualStudioVersion = 10.0.40219.1
Project("{FAE04EC0-301F-11D3-BF4B-00C04F79EFBC}") = "1. DecimalToBinary", "DecimalToBinary\1. DecimalToBinary.csproj", "{4F85C185-817E-48E4-86B4-E1A72819EFB4}"
EndProject
Project("{FAE04EC0-301F-11D3-BF4B-00C04F79EFBC}") = "2. BinaryToDecimal", "BinaryToDecimal\2. BinaryToDecimal.csproj", "{9134793D-66BF-4E41-B021-91197E8D388B}"
EndProject
Project("{FAE04EC0-301F-11D3-BF4B-00C04F79EFBC}") = "3. DecimalToHexadecimal", "DecimalToHexadecimal\3. DecimalToHexadecimal.csproj", "{5FF42959-6493-4762-9581-F226EF19AC5D}"
EndProject
Project("{FAE04EC0-301F-11D3-BF4B-00C04F79EFBC}") = "4. HexadecimalToDecimal", "HexadecimalToDecimal\4. HexadecimalToDecimal.csproj", "{83812459-B824-4050-802F-B970E2085CAD}"
EndProject
Project("{FAE04EC0-301F-11D3-BF4B-00C04F79EFBC}") = "5. HexadecimalToBinary", "HexadecimalToBinary\5. HexadecimalToBinary.csproj", "{ECB7CEF7-1346-4EFB-B4C3-BC4E48216006}"
EndProject
Project("{FAE04EC0-301F-11D3-BF4B-00C04F79EFBC}") = "6. BinaryToHexadecimal", "BinaryToHexadecimal\6. BinaryToHexadecimal.csproj", "{1053D992-1B3D-46A2-A65E-0EE3DA042E3A}"
EndProject
Project("{FAE04EC0-301F-11D3-BF4B-00C04F79EFBC}") = "7. SToD", "SToD\7. SToD.csproj", "{C7C3FEB8-C7F2-48C3-864C-A51FD7BE326F}"
EndProject
Project("{FAE04EC0-301F-11D3-BF4B-00C04F79EFBC}") = "8. BinaryRepresentation", "BinaryRepresentation\8. BinaryRepresentation.csproj", "{3FEB4A57-B610-4E70-B938-1C388B6E242B}"
EndProject
Global
	GlobalSection(SolutionConfigurationPlatforms) = preSolution
		Debug|Any CPU = Debug|Any CPU
		Release|Any CPU = Release|Any CPU
	EndGlobalSection
	GlobalSection(ProjectConfigurationPlatforms) = postSolution
		{4F85C185-817E-48E4-86B4-E1A72819EFB4}.Debug|Any CPU.ActiveCfg = Debug|Any CPU
		{4F85C185-817E-48E4-86B4-E1A72819EFB4}.Debug|Any CPU.Build.0 = Debug|Any CPU
		{4F85C185-817E-48E4-86B4-E1A72819EFB4}.Release|Any CPU.ActiveCfg = Release|Any CPU
		{4F85C185-817E-48E4-86B4-E1A72819EFB4}.Release|Any CPU.Build.0 = Release|Any CPU
		{9134793D-66BF-4E41-B021-91197E8D388B}.Debug|Any CPU.ActiveCfg = Debug|Any CPU
		{9134793D-66BF-4E41-B021-91197E8D388B}.Debug|Any CPU.Build.0 = Debug|Any CPU
		{9134793D-66BF-4E41-B021-91197E8D388B}.Release|Any CPU.ActiveCfg = Release|Any CPU
		{9134793D-66BF-4E41-B021-91197E8D388B}.Release|Any CPU.Build.0 = Release|Any CPU
		{5FF42959-6493-4762-9581-F226EF19AC5D}.Debug|Any CPU.ActiveCfg = Debug|Any CPU
		{5FF42959-6493-4762-9581-F226EF19AC5D}.Debug|Any CPU.Build.0 = Debug|Any CPU
		{5FF42959-6493-4762-9581-F226EF19AC5D}.Release|Any CPU.ActiveCfg = Release|Any CPU
		{5FF42959-6493-4762-9581-F226EF19AC5D}.Release|Any CPU.Build.0 = Release|Any CPU
		{83812459-B824-4050-802F-B970E2085CAD}.Debug|Any CPU.ActiveCfg = Debug|Any CPU
		{83812459-B824-4050-802F-B970E2085CAD}.Debug|Any CPU.Build.0 = Debug|Any CPU
		{83812459-B824-4050-802F-B970E2085CAD}.Release|Any CPU.ActiveCfg = Release|Any CPU
		{83812459-B824-4050-802F-B970E2085CAD}.Release|Any CPU.Build.0 = Release|Any CPU
		{ECB7CEF7-1346-4EFB-B4C3-BC4E48216006}.Debug|Any CPU.ActiveCfg = Debug|Any CPU
		{ECB7CEF7-1346-4EFB-B4C3-BC4E48216006}.Debug|Any CPU.Build.0 = Debug|Any CPU
		{ECB7CEF7-1346-4EFB-B4C3-BC4E48216006}.Release|Any CPU.ActiveCfg = Release|Any CPU
		{ECB7CEF7-1346-4EFB-B4C3-BC4E48216006}.Release|Any CPU.Build.0 = Release|Any CPU
		{1053D992-1B3D-46A2-A65E-0EE3DA042E3A}.Debug|Any CPU.ActiveCfg = Debug|Any CPU
		{1053D992-1B3D-46A2-A65E-0EE3DA042E3A}.Debug|Any CPU.Build.0 = Debug|Any CPU
		{1053D992-1B3D-46A2-A65E-0EE3DA042E3A}.Release|Any CPU.ActiveCfg = Release|Any CPU
		{1053D992-1B3D-46A2-A65E-0EE3DA042E3A}.Release|Any CPU.Build.0 = Release|Any CPU
		{C7C3FEB8-C7F2-48C3-864C-A51FD7BE326F}.Debug|Any CPU.ActiveCfg = Debug|Any CPU
		{C7C3FEB8-C7F2-48C3-864C-A51FD7BE326F}.Debug|Any CPU.Build.0 = Debug|Any CPU
		{C7C3FEB8-C7F2-48C3-864C-A51FD7BE326F}.Release|Any CPU.ActiveCfg = Release|Any CPU
		{C7C3FEB8-C7F2-48C3-864C-A51FD7BE326F}.Release|Any CPU.Build.0 = Release|Any CPU
		{3FEB4A57-B610-4E70-B938-1C388B6E242B}.Debug|Any CPU.ActiveCfg = Debug|Any CPU
		{3FEB4A57-B610-4E70-B938-1C388B6E242B}.Debug|Any CPU.Build.0 = Debug|Any CPU
		{3FEB4A57-B610-4E70-B938-1C388B6E242B}.Release|Any CPU.ActiveCfg = Release|Any CPU
		{3FEB4A57-B610-4E70-B938-1C388B6E242B}.Release|Any CPU.Build.0 = Release|Any CPU
	EndGlobalSection
	GlobalSection(SolutionProperties) = preSolution
		HideSolutionNode = FALSE
	EndGlobalSection
EndGlobal
