
Microsoft Visual Studio Solution File, Format Version 12.00
# Visual Studio 2013
VisualStudioVersion = 12.0.21005.1
MinimumVisualStudioVersion = 10.0.40219.1
Project("{FAE04EC0-301F-11D3-BF4B-00C04F79EFBC}") = "02. Hello C", "Hello C\02. Hello C.csproj", "{ACF3362C-B79F-4643-BF4E-153128588013}"
EndProject
Project("{FAE04EC0-301F-11D3-BF4B-00C04F79EFBC}") = "03. Name", "Name\03. Name.csproj", "{25A4BAF5-2C97-4C87-9AA6-AE7C190D4BC2}"
EndProject
Project("{FAE04EC0-301F-11D3-BF4B-00C04F79EFBC}") = "04. Numbers", "Numbers\04. Numbers.csproj", "{C58B353A-116D-44E6-8B4E-B198025371F2}"
EndProject
Project("{FAE04EC0-301F-11D3-BF4B-00C04F79EFBC}") = "06. Full Name", "FullName\06. Full Name.csproj", "{D1BFFEBE-9FE5-4560-BEBC-7FC5BEF0A67F}"
EndProject
Project("{FAE04EC0-301F-11D3-BF4B-00C04F79EFBC}") = "07, Date and Time", "DateAndTime\07, Date and Time.csproj", "{1CCB3628-9001-4EC6-8A74-4DD7482EF412}"
EndProject
Project("{FAE04EC0-301F-11D3-BF4B-00C04F79EFBC}") = "08. Square", "Square\08. Square.csproj", "{F07E7AB2-0104-4702-BCFB-CD931FC24628}"
EndProject
Project("{FAE04EC0-301F-11D3-BF4B-00C04F79EFBC}") = "09. Sequence", "Sequence\09. Sequence.csproj", "{C2539B19-5C44-464D-83A4-1563D46E9AC6}"
EndProject
Project("{FAE04EC0-301F-11D3-BF4B-00C04F79EFBC}") = "12. Age", "Age\12. Age.csproj", "{DECFC66F-CD68-40FA-B39B-F2C871BF92C6}"
EndProject
Global
	GlobalSection(SolutionConfigurationPlatforms) = preSolution
		Debug|Any CPU = Debug|Any CPU
		Release|Any CPU = Release|Any CPU
	EndGlobalSection
	GlobalSection(ProjectConfigurationPlatforms) = postSolution
		{ACF3362C-B79F-4643-BF4E-153128588013}.Debug|Any CPU.ActiveCfg = Debug|Any CPU
		{ACF3362C-B79F-4643-BF4E-153128588013}.Debug|Any CPU.Build.0 = Debug|Any CPU
		{ACF3362C-B79F-4643-BF4E-153128588013}.Release|Any CPU.ActiveCfg = Release|Any CPU
		{ACF3362C-B79F-4643-BF4E-153128588013}.Release|Any CPU.Build.0 = Release|Any CPU
		{25A4BAF5-2C97-4C87-9AA6-AE7C190D4BC2}.Debug|Any CPU.ActiveCfg = Debug|Any CPU
		{25A4BAF5-2C97-4C87-9AA6-AE7C190D4BC2}.Debug|Any CPU.Build.0 = Debug|Any CPU
		{25A4BAF5-2C97-4C87-9AA6-AE7C190D4BC2}.Release|Any CPU.ActiveCfg = Release|Any CPU
		{25A4BAF5-2C97-4C87-9AA6-AE7C190D4BC2}.Release|Any CPU.Build.0 = Release|Any CPU
		{C58B353A-116D-44E6-8B4E-B198025371F2}.Debug|Any CPU.ActiveCfg = Debug|Any CPU
		{C58B353A-116D-44E6-8B4E-B198025371F2}.Debug|Any CPU.Build.0 = Debug|Any CPU
		{C58B353A-116D-44E6-8B4E-B198025371F2}.Release|Any CPU.ActiveCfg = Release|Any CPU
		{C58B353A-116D-44E6-8B4E-B198025371F2}.Release|Any CPU.Build.0 = Release|Any CPU
		{D1BFFEBE-9FE5-4560-BEBC-7FC5BEF0A67F}.Debug|Any CPU.ActiveCfg = Debug|Any CPU
		{D1BFFEBE-9FE5-4560-BEBC-7FC5BEF0A67F}.Debug|Any CPU.Build.0 = Debug|Any CPU
		{D1BFFEBE-9FE5-4560-BEBC-7FC5BEF0A67F}.Release|Any CPU.ActiveCfg = Release|Any CPU
		{D1BFFEBE-9FE5-4560-BEBC-7FC5BEF0A67F}.Release|Any CPU.Build.0 = Release|Any CPU
		{1CCB3628-9001-4EC6-8A74-4DD7482EF412}.Debug|Any CPU.ActiveCfg = Debug|Any CPU
		{1CCB3628-9001-4EC6-8A74-4DD7482EF412}.Debug|Any CPU.Build.0 = Debug|Any CPU
		{1CCB3628-9001-4EC6-8A74-4DD7482EF412}.Release|Any CPU.ActiveCfg = Release|Any CPU
		{1CCB3628-9001-4EC6-8A74-4DD7482EF412}.Release|Any CPU.Build.0 = Release|Any CPU
		{F07E7AB2-0104-4702-BCFB-CD931FC24628}.Debug|Any CPU.ActiveCfg = Debug|Any CPU
		{F07E7AB2-0104-4702-BCFB-CD931FC24628}.Debug|Any CPU.Build.0 = Debug|Any CPU
		{F07E7AB2-0104-4702-BCFB-CD931FC24628}.Release|Any CPU.ActiveCfg = Release|Any CPU
		{F07E7AB2-0104-4702-BCFB-CD931FC24628}.Release|Any CPU.Build.0 = Release|Any CPU
		{C2539B19-5C44-464D-83A4-1563D46E9AC6}.Debug|Any CPU.ActiveCfg = Debug|Any CPU
		{C2539B19-5C44-464D-83A4-1563D46E9AC6}.Debug|Any CPU.Build.0 = Debug|Any CPU
		{C2539B19-5C44-464D-83A4-1563D46E9AC6}.Release|Any CPU.ActiveCfg = Release|Any CPU
		{C2539B19-5C44-464D-83A4-1563D46E9AC6}.Release|Any CPU.Build.0 = Release|Any CPU
		{DECFC66F-CD68-40FA-B39B-F2C871BF92C6}.Debug|Any CPU.ActiveCfg = Debug|Any CPU
		{DECFC66F-CD68-40FA-B39B-F2C871BF92C6}.Debug|Any CPU.Build.0 = Debug|Any CPU
		{DECFC66F-CD68-40FA-B39B-F2C871BF92C6}.Release|Any CPU.ActiveCfg = Release|Any CPU
		{DECFC66F-CD68-40FA-B39B-F2C871BF92C6}.Release|Any CPU.Build.0 = Release|Any CPU
	EndGlobalSection
	GlobalSection(SolutionProperties) = preSolution
		HideSolutionNode = FALSE
	EndGlobalSection
EndGlobal
